{
  "version": 4,
  "terraform_version": "1.3.9",
  "serial": 2480,
  "lineage": "51afaf1c-3c26-ca90-6de8-a74b02d7d98a",
  "outputs": {},
  "resources": [
    {
      "mode": "managed",
      "type": "aws_eip",
      "name": "jumper_eip",
      "provider": "provider[\"registry.terraform.io/hashicorp/aws\"]",
      "instances": [
        {
          "schema_version": 0,
          "attributes": {
            "address": null,
            "allocation_id": "eipalloc-0c2d612d42952aacc",
            "associate_with_private_ip": null,
            "association_id": "eipassoc-0f68d8d559630d0e0",
            "carrier_ip": "",
            "customer_owned_ip": "",
            "customer_owned_ipv4_pool": "",
            "domain": "vpc",
            "id": "eipalloc-0c2d612d42952aacc",
            "instance": "i-05845d532a9acc2aa",
            "network_border_group": "eu-central-1",
            "network_interface": "eni-0d6b5202a913548d8",
            "private_dns": "ip-10-0-2-173.eu-central-1.compute.internal",
            "private_ip": "10.0.2.173",
            "public_dns": "ec2-18-196-55-15.eu-central-1.compute.amazonaws.com",
            "public_ip": "18.196.55.15",
            "public_ipv4_pool": "amazon",
            "tags": null,
            "tags_all": {},
            "timeouts": null,
            "vpc": true
          },
          "sensitive_attributes": [],
          "private": "eyJlMmJmYjczMC1lY2FhLTExZTYtOGY4OC0zNDM2M2JjN2M0YzAiOnsiZGVsZXRlIjoxODAwMDAwMDAwMDAsInJlYWQiOjkwMDAwMDAwMDAwMCwidXBkYXRlIjozMDAwMDAwMDAwMDB9fQ==",
          "dependencies": [
            "aws_instance.jumper_host",
            "aws_security_group.sg_jumper",
            "aws_subnet.public",
            "aws_vpc.demo_vpc"
          ]
        }
      ]
    },
    {
      "mode": "managed",
      "type": "aws_eip",
      "name": "nat_eip",
      "provider": "provider[\"registry.terraform.io/hashicorp/aws\"]",
      "instances": [
        {
          "schema_version": 0,
          "attributes": {
            "address": null,
            "allocation_id": "eipalloc-0f32baa15e9447209",
            "associate_with_private_ip": null,
            "association_id": "",
            "carrier_ip": "",
            "customer_owned_ip": "",
            "customer_owned_ipv4_pool": "",
            "domain": "vpc",
            "id": "eipalloc-0f32baa15e9447209",
            "instance": "",
            "network_border_group": "eu-central-1",
            "network_interface": "",
            "private_dns": null,
            "private_ip": "",
            "public_dns": "ec2-3-75-165-233.eu-central-1.compute.amazonaws.com",
            "public_ip": "3.75.165.233",
            "public_ipv4_pool": "amazon",
            "tags": null,
            "tags_all": {},
            "timeouts": null,
            "vpc": true
          },
          "sensitive_attributes": [],
          "private": "eyJlMmJmYjczMC1lY2FhLTExZTYtOGY4OC0zNDM2M2JjN2M0YzAiOnsiZGVsZXRlIjoxODAwMDAwMDAwMDAsInJlYWQiOjkwMDAwMDAwMDAwMCwidXBkYXRlIjozMDAwMDAwMDAwMDB9fQ=="
        }
      ]
    },
    {
      "mode": "managed",
      "type": "aws_instance",
      "name": "Demohost",
      "provider": "provider[\"registry.terraform.io/hashicorp/aws\"]",
      "instances": [
        {
          "index_key": 0,
          "schema_version": 1,
          "attributes": {
            "ami": "ami-0cf9380844da84d7e",
            "arn": "arn:aws:ec2:eu-central-1:699444064213:instance/i-032fe64d92ea3d76d",
            "associate_public_ip_address": false,
            "availability_zone": "eu-central-1a",
            "capacity_reservation_specification": [
              {
                "capacity_reservation_preference": "open",
                "capacity_reservation_target": []
              }
            ],
            "cpu_core_count": 2,
            "cpu_threads_per_core": 1,
            "credit_specification": [
              {
                "cpu_credits": "standard"
              }
            ],
            "disable_api_stop": false,
            "disable_api_termination": false,
            "ebs_block_device": [],
            "ebs_optimized": false,
            "enclave_options": [
              {
                "enabled": false
              }
            ],
            "ephemeral_block_device": [],
            "get_password_data": false,
            "hibernation": false,
            "host_id": "",
            "host_resource_group_arn": null,
            "iam_instance_profile": "AmazonSSMRoleForInstancesQuickSetup",
            "id": "i-032fe64d92ea3d76d",
            "instance_initiated_shutdown_behavior": "stop",
            "instance_state": "running",
            "instance_type": "t2.medium",
            "ipv6_address_count": 0,
            "ipv6_addresses": [],
            "key_name": "instance-key",
            "launch_template": [],
            "maintenance_options": [
              {
                "auto_recovery": "default"
              }
            ],
            "metadata_options": [
              {
                "http_endpoint": "enabled",
                "http_put_response_hop_limit": 1,
                "http_tokens": "optional",
                "instance_metadata_tags": "disabled"
              }
            ],
            "monitoring": false,
            "network_interface": [],
            "outpost_arn": "",
            "password_data": "",
            "placement_group": "",
            "placement_partition_number": 0,
            "primary_network_interface_id": "eni-03a8480f43b58d41b",
            "private_dns": "ip-10-0-1-16.eu-central-1.compute.internal",
            "private_dns_name_options": [
              {
                "enable_resource_name_dns_a_record": false,
                "enable_resource_name_dns_aaaa_record": false,
                "hostname_type": "ip-name"
              }
            ],
            "private_ip": "10.0.1.16",
            "public_dns": "",
            "public_ip": "",
            "root_block_device": [
              {
                "delete_on_termination": true,
                "device_name": "/dev/sda1",
                "encrypted": false,
                "iops": 100,
                "kms_key_id": "",
                "tags": {},
                "throughput": 0,
                "volume_id": "vol-08ec3574d082d5b40",
                "volume_size": 30,
                "volume_type": "gp2"
              }
            ],
            "secondary_private_ips": [],
            "security_groups": [],
            "source_dest_check": true,
            "subnet_id": "subnet-025ea6454fcd92e8b",
            "tags": {
              "Name": "Demohost"
            },
            "tags_all": {
              "Name": "Demohost"
            },
            "tenancy": "default",
            "timeouts": null,
            "user_data": "680f83a191d52975cfc37e86f3afc7bae308414b",
            "user_data_base64": null,
            "user_data_replace_on_change": false,
            "volume_tags": null,
            "vpc_security_group_ids": [
              "sg-01617f1d3f6e2faf6",
              "sg-0852fb9d582a527ef"
            ]
          },
          "sensitive_attributes": [],
          "private": "eyJlMmJmYjczMC1lY2FhLTExZTYtOGY4OC0zNDM2M2JjN2M0YzAiOnsiY3JlYXRlIjo2MDAwMDAwMDAwMDAsImRlbGV0ZSI6MTIwMDAwMDAwMDAwMCwidXBkYXRlIjo2MDAwMDAwMDAwMDB9LCJzY2hlbWFfdmVyc2lvbiI6IjEifQ==",
          "dependencies": [
            "aws_instance.dc01",
            "aws_instance.dc02",
            "aws_key_pair.instance_key_pair",
            "aws_security_group.dc",
            "aws_security_group.rdp_public",
            "aws_subnet.private",
            "aws_vpc.demo_vpc",
            "time_sleep.dc02_delay",
            "time_sleep.demohost_delay",
            "tls_private_key.instance_key"
          ]
        }
      ]
    },
    {
      "mode": "managed",
      "type": "aws_instance",
      "name": "dc01",
      "provider": "provider[\"registry.terraform.io/hashicorp/aws\"]",
      "instances": [
        {
          "schema_version": 1,
          "attributes": {
            "ami": "ami-0cf9380844da84d7e",
            "arn": "arn:aws:ec2:eu-central-1:699444064213:instance/i-07417a46ac38dadba",
            "associate_public_ip_address": false,
            "availability_zone": "eu-central-1a",
            "capacity_reservation_specification": [
              {
                "capacity_reservation_preference": "open",
                "capacity_reservation_target": []
              }
            ],
            "cpu_core_count": 2,
            "cpu_threads_per_core": 1,
            "credit_specification": [
              {
                "cpu_credits": "standard"
              }
            ],
            "disable_api_stop": false,
            "disable_api_termination": false,
            "ebs_block_device": [],
            "ebs_optimized": false,
            "enclave_options": [
              {
                "enabled": false
              }
            ],
            "ephemeral_block_device": [],
            "get_password_data": false,
            "hibernation": false,
            "host_id": "",
            "host_resource_group_arn": null,
            "iam_instance_profile": "AmazonSSMRoleForInstancesQuickSetup",
            "id": "i-07417a46ac38dadba",
            "instance_initiated_shutdown_behavior": "stop",
            "instance_state": "running",
            "instance_type": "t2.medium",
            "ipv6_address_count": 0,
            "ipv6_addresses": [],
            "key_name": "instance-key",
            "launch_template": [],
            "maintenance_options": [
              {
                "auto_recovery": "default"
              }
            ],
            "metadata_options": [
              {
                "http_endpoint": "enabled",
                "http_put_response_hop_limit": 1,
                "http_tokens": "optional",
                "instance_metadata_tags": "disabled"
              }
            ],
            "monitoring": false,
            "network_interface": [],
            "outpost_arn": "",
            "password_data": "",
            "placement_group": "",
            "placement_partition_number": 0,
            "primary_network_interface_id": "eni-0a0dcd5fbac4d33df",
            "private_dns": "ip-10-0-1-20.eu-central-1.compute.internal",
            "private_dns_name_options": [
              {
                "enable_resource_name_dns_a_record": false,
                "enable_resource_name_dns_aaaa_record": false,
                "hostname_type": "ip-name"
              }
            ],
            "private_ip": "10.0.1.20",
            "public_dns": "",
            "public_ip": "",
            "root_block_device": [
              {
                "delete_on_termination": true,
                "device_name": "/dev/sda1",
                "encrypted": false,
                "iops": 100,
                "kms_key_id": "",
                "tags": {},
                "throughput": 0,
                "volume_id": "vol-08a70a25b6af597d8",
                "volume_size": 30,
                "volume_type": "gp2"
              }
            ],
            "secondary_private_ips": [],
            "security_groups": [],
            "source_dest_check": true,
            "subnet_id": "subnet-025ea6454fcd92e8b",
            "tags": {
              "Name": "DC01"
            },
            "tags_all": {
              "Name": "DC01"
            },
            "tenancy": "default",
            "timeouts": null,
            "user_data": "7ca3252785dc123b7659fc960015f09ad25e7920",
            "user_data_base64": null,
            "user_data_replace_on_change": false,
            "volume_tags": null,
            "vpc_security_group_ids": [
              "sg-01617f1d3f6e2faf6",
              "sg-0852fb9d582a527ef"
            ]
          },
          "sensitive_attributes": [],
          "private": "eyJlMmJmYjczMC1lY2FhLTExZTYtOGY4OC0zNDM2M2JjN2M0YzAiOnsiY3JlYXRlIjo2MDAwMDAwMDAwMDAsImRlbGV0ZSI6MTIwMDAwMDAwMDAwMCwidXBkYXRlIjo2MDAwMDAwMDAwMDB9LCJzY2hlbWFfdmVyc2lvbiI6IjEifQ==",
          "dependencies": [
            "aws_key_pair.instance_key_pair",
            "aws_security_group.dc",
            "aws_security_group.rdp_public",
            "aws_subnet.private",
            "aws_vpc.demo_vpc",
            "tls_private_key.instance_key"
          ]
        }
      ]
    },
    {
      "mode": "managed",
      "type": "aws_instance",
      "name": "dc02",
      "provider": "provider[\"registry.terraform.io/hashicorp/aws\"]",
      "instances": [
        {
          "schema_version": 1,
          "attributes": {
            "ami": "ami-0cf9380844da84d7e",
            "arn": "arn:aws:ec2:eu-central-1:699444064213:instance/i-01ea91d67867835cc",
            "associate_public_ip_address": false,
            "availability_zone": "eu-central-1a",
            "capacity_reservation_specification": [
              {
                "capacity_reservation_preference": "open",
                "capacity_reservation_target": []
              }
            ],
            "cpu_core_count": 2,
            "cpu_threads_per_core": 1,
            "credit_specification": [
              {
                "cpu_credits": "standard"
              }
            ],
            "disable_api_stop": false,
            "disable_api_termination": false,
            "ebs_block_device": [],
            "ebs_optimized": false,
            "enclave_options": [
              {
                "enabled": false
              }
            ],
            "ephemeral_block_device": [],
            "get_password_data": false,
            "hibernation": false,
            "host_id": "",
            "host_resource_group_arn": null,
            "iam_instance_profile": "AmazonSSMRoleForInstancesQuickSetup",
            "id": "i-01ea91d67867835cc",
            "instance_initiated_shutdown_behavior": "stop",
            "instance_state": "running",
            "instance_type": "t2.medium",
            "ipv6_address_count": 0,
            "ipv6_addresses": [],
            "key_name": "instance-key",
            "launch_template": [],
            "maintenance_options": [
              {
                "auto_recovery": "default"
              }
            ],
            "metadata_options": [
              {
                "http_endpoint": "enabled",
                "http_put_response_hop_limit": 1,
                "http_tokens": "optional",
                "instance_metadata_tags": "disabled"
              }
            ],
            "monitoring": false,
            "network_interface": [],
            "outpost_arn": "",
            "password_data": "",
            "placement_group": "",
            "placement_partition_number": 0,
            "primary_network_interface_id": "eni-098930074d2df27fd",
            "private_dns": "ip-10-0-1-21.eu-central-1.compute.internal",
            "private_dns_name_options": [
              {
                "enable_resource_name_dns_a_record": false,
                "enable_resource_name_dns_aaaa_record": false,
                "hostname_type": "ip-name"
              }
            ],
            "private_ip": "10.0.1.21",
            "public_dns": "",
            "public_ip": "",
            "root_block_device": [
              {
                "delete_on_termination": true,
                "device_name": "/dev/sda1",
                "encrypted": false,
                "iops": 100,
                "kms_key_id": "",
                "tags": {},
                "throughput": 0,
                "volume_id": "vol-0840f558eede9a944",
                "volume_size": 30,
                "volume_type": "gp2"
              }
            ],
            "secondary_private_ips": [],
            "security_groups": [],
            "source_dest_check": true,
            "subnet_id": "subnet-025ea6454fcd92e8b",
            "tags": {
              "Name": "DC02"
            },
            "tags_all": {
              "Name": "DC02"
            },
            "tenancy": "default",
            "timeouts": null,
            "user_data": "7ca3252785dc123b7659fc960015f09ad25e7920",
            "user_data_base64": null,
            "user_data_replace_on_change": false,
            "volume_tags": null,
            "vpc_security_group_ids": [
              "sg-01617f1d3f6e2faf6",
              "sg-0852fb9d582a527ef"
            ]
          },
          "sensitive_attributes": [],
          "private": "eyJlMmJmYjczMC1lY2FhLTExZTYtOGY4OC0zNDM2M2JjN2M0YzAiOnsiY3JlYXRlIjo2MDAwMDAwMDAwMDAsImRlbGV0ZSI6MTIwMDAwMDAwMDAwMCwidXBkYXRlIjo2MDAwMDAwMDAwMDB9LCJzY2hlbWFfdmVyc2lvbiI6IjEifQ==",
          "dependencies": [
            "aws_instance.dc01",
            "aws_key_pair.instance_key_pair",
            "aws_security_group.dc",
            "aws_security_group.rdp_public",
            "aws_subnet.private",
            "aws_vpc.demo_vpc",
            "time_sleep.dc02_delay",
            "tls_private_key.instance_key"
          ]
        }
      ]
    },
    {
      "mode": "managed",
      "type": "aws_instance",
      "name": "jumper_host",
      "provider": "provider[\"registry.terraform.io/hashicorp/aws\"]",
      "instances": [
        {
          "schema_version": 1,
          "attributes": {
            "ami": "ami-0cf9380844da84d7e",
            "arn": "arn:aws:ec2:eu-central-1:699444064213:instance/i-05845d532a9acc2aa",
            "associate_public_ip_address": false,
            "availability_zone": "eu-central-1a",
            "capacity_reservation_specification": [
              {
                "capacity_reservation_preference": "open",
                "capacity_reservation_target": []
              }
            ],
            "cpu_core_count": 2,
            "cpu_threads_per_core": 1,
            "credit_specification": [
              {
                "cpu_credits": "standard"
              }
            ],
            "disable_api_stop": false,
            "disable_api_termination": false,
            "ebs_block_device": [],
            "ebs_optimized": false,
            "enclave_options": [
              {
                "enabled": false
              }
            ],
            "ephemeral_block_device": [],
            "get_password_data": false,
            "hibernation": false,
            "host_id": "",
            "host_resource_group_arn": null,
            "iam_instance_profile": "",
            "id": "i-05845d532a9acc2aa",
            "instance_initiated_shutdown_behavior": "stop",
            "instance_state": "running",
            "instance_type": "t2.medium",
            "ipv6_address_count": 0,
            "ipv6_addresses": [],
            "key_name": "s.brosdetzko",
            "launch_template": [],
            "maintenance_options": [
              {
                "auto_recovery": "default"
              }
            ],
            "metadata_options": [
              {
                "http_endpoint": "enabled",
                "http_put_response_hop_limit": 1,
                "http_tokens": "optional",
                "instance_metadata_tags": "disabled"
              }
            ],
            "monitoring": false,
            "network_interface": [],
            "outpost_arn": "",
            "password_data": "",
            "placement_group": "",
            "placement_partition_number": 0,
            "primary_network_interface_id": "eni-0d6b5202a913548d8",
            "private_dns": "ip-10-0-2-173.eu-central-1.compute.internal",
            "private_dns_name_options": [
              {
                "enable_resource_name_dns_a_record": false,
                "enable_resource_name_dns_aaaa_record": false,
                "hostname_type": "ip-name"
              }
            ],
            "private_ip": "10.0.2.173",
            "public_dns": "",
            "public_ip": "",
            "root_block_device": [
              {
                "delete_on_termination": true,
                "device_name": "/dev/sda1",
                "encrypted": false,
                "iops": 100,
                "kms_key_id": "",
                "tags": {},
                "throughput": 0,
                "volume_id": "vol-041b2f13ce840c345",
                "volume_size": 30,
                "volume_type": "gp2"
              }
            ],
            "secondary_private_ips": [],
            "security_groups": [],
            "source_dest_check": true,
            "subnet_id": "subnet-0fe7d1c976c055569",
            "tags": {
              "Name": "Jumper Host"
            },
            "tags_all": {
              "Name": "Jumper Host"
            },
            "tenancy": "default",
            "timeouts": null,
            "user_data": null,
            "user_data_base64": null,
            "user_data_replace_on_change": false,
            "volume_tags": null,
            "vpc_security_group_ids": [
              "sg-0fa5de4286e301d9a"
            ]
          },
          "sensitive_attributes": [],
          "private": "eyJlMmJmYjczMC1lY2FhLTExZTYtOGY4OC0zNDM2M2JjN2M0YzAiOnsiY3JlYXRlIjo2MDAwMDAwMDAwMDAsImRlbGV0ZSI6MTIwMDAwMDAwMDAwMCwidXBkYXRlIjo2MDAwMDAwMDAwMDB9LCJzY2hlbWFfdmVyc2lvbiI6IjEifQ==",
          "dependencies": [
            "aws_security_group.sg_jumper",
            "aws_subnet.public",
            "aws_vpc.demo_vpc"
          ]
        }
      ]
    },
    {
      "mode": "managed",
      "type": "aws_internet_gateway",
      "name": "gw",
      "provider": "provider[\"registry.terraform.io/hashicorp/aws\"]",
      "instances": [
        {
          "schema_version": 0,
          "attributes": {
            "arn": "arn:aws:ec2:eu-central-1:699444064213:internet-gateway/igw-077697424ea8146ee",
            "id": "igw-077697424ea8146ee",
            "owner_id": "699444064213",
            "tags": null,
            "tags_all": {},
            "timeouts": null,
            "vpc_id": "vpc-0104eaf9db5c7421f"
          },
          "sensitive_attributes": [],
          "private": "eyJlMmJmYjczMC1lY2FhLTExZTYtOGY4OC0zNDM2M2JjN2M0YzAiOnsiY3JlYXRlIjoxMjAwMDAwMDAwMDAwLCJkZWxldGUiOjEyMDAwMDAwMDAwMDAsInVwZGF0ZSI6MTIwMDAwMDAwMDAwMH19",
          "dependencies": [
            "aws_vpc.demo_vpc"
          ]
        }
      ]
    },
    {
      "mode": "managed",
      "type": "aws_key_pair",
      "name": "instance_key_pair",
      "provider": "provider[\"registry.terraform.io/hashicorp/aws\"]",
      "instances": [
        {
          "schema_version": 1,
          "attributes": {
            "arn": "arn:aws:ec2:eu-central-1:699444064213:key-pair/instance-key",
            "fingerprint": "e5:67:99:20:b1:cd:da:3b:5d:ec:cb:30:2a:71:72:ec",
            "id": "instance-key",
            "key_name": "instance-key",
            "key_name_prefix": "",
            "key_pair_id": "key-0c926b1c63272c0b4",
            "key_type": "rsa",
            "public_key": "ssh-rsa AAAAB3NzaC1yc2EAAAADAQABAAABAQD6cnARoHvfqOs0nHt5EM3JRa0Xl7nrB9hWvzA/MMpSTFJugrXikue5YsA1YkTpV5r7QmETmuBhKnUfd460JK1m7Uta0gb/vqsE1kL2v+TSgx24Sn7Fla0aD4Sv/ZDZEOlj7pV72pb5HXCtimR5/snGFrkzyEYm5dEqQNJuY9khK739314hgCGDIQ7G0+kruAlO06RqNJwg2iMISgCZ0kMmoXai706WulPETJVCM1ZiFywImKtQCu0zKhm8rL8OH/bpYMUFPXy+07RKzqG0htlEPHly6C+w7B/WdIMT5vQ2JrTYSTuui0hU6nT6lDr5n7ylqcQjm9raBt0JN3DGI8nV",
            "tags": null,
            "tags_all": {}
          },
          "sensitive_attributes": [],
          "private": "eyJzY2hlbWFfdmVyc2lvbiI6IjEifQ==",
          "dependencies": [
            "tls_private_key.instance_key"
          ]
        }
      ]
    },
    {
      "mode": "managed",
      "type": "aws_nat_gateway",
      "name": "nat",
      "provider": "provider[\"registry.terraform.io/hashicorp/aws\"]",
      "instances": [
        {
          "schema_version": 0,
          "attributes": {
            "allocation_id": "eipalloc-0f32baa15e9447209",
            "association_id": "eipassoc-0cac8239f66697eef",
            "connectivity_type": "public",
            "id": "nat-0808bbc49bae1ed69",
            "network_interface_id": "eni-01bbaf365a5d64d49",
            "private_ip": "10.0.2.186",
            "public_ip": "3.75.165.233",
            "subnet_id": "subnet-0fe7d1c976c055569",
            "tags": null,
            "tags_all": {}
          },
          "sensitive_attributes": [],
          "private": "bnVsbA==",
          "dependencies": [
            "aws_eip.nat_eip",
            "aws_internet_gateway.gw",
            "aws_subnet.public",
            "aws_vpc.demo_vpc"
          ]
        }
      ]
    },
    {
      "mode": "managed",
      "type": "aws_route_table",
      "name": "private",
      "provider": "provider[\"registry.terraform.io/hashicorp/aws\"]",
      "instances": [
        {
          "schema_version": 0,
          "attributes": {
            "arn": "arn:aws:ec2:eu-central-1:699444064213:route-table/rtb-0737d4bccd98040dc",
            "id": "rtb-0737d4bccd98040dc",
            "owner_id": "699444064213",
            "propagating_vgws": [],
            "route": [
              {
                "carrier_gateway_id": "",
                "cidr_block": "0.0.0.0/0",
                "core_network_arn": "",
                "destination_prefix_list_id": "",
                "egress_only_gateway_id": "",
                "gateway_id": "",
                "instance_id": "",
                "ipv6_cidr_block": "",
                "local_gateway_id": "",
                "nat_gateway_id": "nat-0808bbc49bae1ed69",
                "network_interface_id": "",
                "transit_gateway_id": "",
                "vpc_endpoint_id": "",
                "vpc_peering_connection_id": ""
              }
            ],
            "tags": null,
            "tags_all": {},
            "timeouts": null,
            "vpc_id": "vpc-0104eaf9db5c7421f"
          },
          "sensitive_attributes": [],
          "private": "eyJlMmJmYjczMC1lY2FhLTExZTYtOGY4OC0zNDM2M2JjN2M0YzAiOnsiY3JlYXRlIjozMDAwMDAwMDAwMDAsImRlbGV0ZSI6MzAwMDAwMDAwMDAwLCJ1cGRhdGUiOjEyMDAwMDAwMDAwMH19",
          "dependencies": [
            "aws_eip.nat_eip",
            "aws_internet_gateway.gw",
            "aws_nat_gateway.nat",
            "aws_subnet.public",
            "aws_vpc.demo_vpc"
          ]
        }
      ]
    },
    {
      "mode": "managed",
      "type": "aws_route_table",
      "name": "public",
      "provider": "provider[\"registry.terraform.io/hashicorp/aws\"]",
      "instances": [
        {
          "schema_version": 0,
          "attributes": {
            "arn": "arn:aws:ec2:eu-central-1:699444064213:route-table/rtb-022444058eb46168d",
            "id": "rtb-022444058eb46168d",
            "owner_id": "699444064213",
            "propagating_vgws": [],
            "route": [
              {
                "carrier_gateway_id": "",
                "cidr_block": "0.0.0.0/0",
                "core_network_arn": "",
                "destination_prefix_list_id": "",
                "egress_only_gateway_id": "",
                "gateway_id": "igw-077697424ea8146ee",
                "instance_id": "",
                "ipv6_cidr_block": "",
                "local_gateway_id": "",
                "nat_gateway_id": "",
                "network_interface_id": "",
                "transit_gateway_id": "",
                "vpc_endpoint_id": "",
                "vpc_peering_connection_id": ""
              }
            ],
            "tags": null,
            "tags_all": {},
            "timeouts": null,
            "vpc_id": "vpc-0104eaf9db5c7421f"
          },
          "sensitive_attributes": [],
          "private": "eyJlMmJmYjczMC1lY2FhLTExZTYtOGY4OC0zNDM2M2JjN2M0YzAiOnsiY3JlYXRlIjozMDAwMDAwMDAwMDAsImRlbGV0ZSI6MzAwMDAwMDAwMDAwLCJ1cGRhdGUiOjEyMDAwMDAwMDAwMH19",
          "dependencies": [
            "aws_internet_gateway.gw",
            "aws_vpc.demo_vpc"
          ]
        }
      ]
    },
    {
      "mode": "managed",
      "type": "aws_route_table_association",
      "name": "private",
      "provider": "provider[\"registry.terraform.io/hashicorp/aws\"]",
      "instances": [
        {
          "schema_version": 0,
          "attributes": {
            "gateway_id": "",
            "id": "rtbassoc-07f07fbc271d055df",
            "route_table_id": "rtb-0737d4bccd98040dc",
            "subnet_id": "subnet-025ea6454fcd92e8b",
            "timeouts": null
          },
          "sensitive_attributes": [],
          "private": "eyJlMmJmYjczMC1lY2FhLTExZTYtOGY4OC0zNDM2M2JjN2M0YzAiOnsiY3JlYXRlIjozMDAwMDAwMDAwMDAsImRlbGV0ZSI6MzAwMDAwMDAwMDAwLCJ1cGRhdGUiOjEyMDAwMDAwMDAwMH19",
          "dependencies": [
            "aws_eip.nat_eip",
            "aws_internet_gateway.gw",
            "aws_nat_gateway.nat",
            "aws_route_table.private",
            "aws_subnet.private",
            "aws_subnet.public",
            "aws_vpc.demo_vpc"
          ]
        }
      ]
    },
    {
      "mode": "managed",
      "type": "aws_route_table_association",
      "name": "public",
      "provider": "provider[\"registry.terraform.io/hashicorp/aws\"]",
      "instances": [
        {
          "schema_version": 0,
          "attributes": {
            "gateway_id": "",
            "id": "rtbassoc-076b3b2f0fc175fd1",
            "route_table_id": "rtb-022444058eb46168d",
            "subnet_id": "subnet-0fe7d1c976c055569",
            "timeouts": null
          },
          "sensitive_attributes": [],
          "private": "eyJlMmJmYjczMC1lY2FhLTExZTYtOGY4OC0zNDM2M2JjN2M0YzAiOnsiY3JlYXRlIjozMDAwMDAwMDAwMDAsImRlbGV0ZSI6MzAwMDAwMDAwMDAwLCJ1cGRhdGUiOjEyMDAwMDAwMDAwMH19",
          "dependencies": [
            "aws_internet_gateway.gw",
            "aws_route_table.public",
            "aws_subnet.public",
            "aws_vpc.demo_vpc"
          ]
        }
      ]
    },
    {
      "mode": "managed",
      "type": "aws_security_group",
      "name": "dc",
      "provider": "provider[\"registry.terraform.io/hashicorp/aws\"]",
      "instances": [
        {
          "schema_version": 1,
          "attributes": {
            "arn": "arn:aws:ec2:eu-central-1:699444064213:security-group/sg-0852fb9d582a527ef",
            "description": "Managed by Terraform",
            "egress": [
              {
                "cidr_blocks": [],
                "description": "",
                "from_port": 0,
                "ipv6_cidr_blocks": [],
                "prefix_list_ids": [],
                "protocol": "-1",
                "security_groups": [],
                "self": true,
                "to_port": 0
              }
            ],
            "id": "sg-0852fb9d582a527ef",
            "ingress": [
              {
                "cidr_blocks": [],
                "description": "",
                "from_port": 0,
                "ipv6_cidr_blocks": [],
                "prefix_list_ids": [],
                "protocol": "-1",
                "security_groups": [],
                "self": true,
                "to_port": 0
              }
            ],
            "name": "dc_internal",
            "name_prefix": "",
            "owner_id": "699444064213",
            "revoke_rules_on_delete": false,
            "tags": null,
            "tags_all": {},
            "timeouts": null,
            "vpc_id": "vpc-0104eaf9db5c7421f"
          },
          "sensitive_attributes": [],
          "private": "eyJlMmJmYjczMC1lY2FhLTExZTYtOGY4OC0zNDM2M2JjN2M0YzAiOnsiY3JlYXRlIjo2MDAwMDAwMDAwMDAsImRlbGV0ZSI6OTAwMDAwMDAwMDAwfSwic2NoZW1hX3ZlcnNpb24iOiIxIn0=",
          "dependencies": [
            "aws_vpc.demo_vpc"
          ]
        }
      ]
    },
    {
      "mode": "managed",
      "type": "aws_security_group",
      "name": "rdp_public",
      "provider": "provider[\"registry.terraform.io/hashicorp/aws\"]",
      "instances": [
        {
          "schema_version": 1,
          "attributes": {
            "arn": "arn:aws:ec2:eu-central-1:699444064213:security-group/sg-01617f1d3f6e2faf6",
            "description": "Managed by Terraform",
            "egress": [
              {
                "cidr_blocks": [
                  "0.0.0.0/0"
                ],
                "description": "",
                "from_port": 0,
                "ipv6_cidr_blocks": [],
                "prefix_list_ids": [],
                "protocol": "-1",
                "security_groups": [],
                "self": false,
                "to_port": 0
              }
            ],
            "id": "sg-01617f1d3f6e2faf6",
            "ingress": [
              {
                "cidr_blocks": [
                  "10.0.2.0/24"
                ],
                "description": "",
                "from_port": 3389,
                "ipv6_cidr_blocks": [],
                "prefix_list_ids": [],
                "protocol": "tcp",
                "security_groups": [],
                "self": false,
                "to_port": 3389
              }
            ],
            "name": "rdp_from_public",
            "name_prefix": "",
            "owner_id": "699444064213",
            "revoke_rules_on_delete": false,
            "tags": null,
            "tags_all": {},
            "timeouts": null,
            "vpc_id": "vpc-0104eaf9db5c7421f"
          },
          "sensitive_attributes": [],
          "private": "eyJlMmJmYjczMC1lY2FhLTExZTYtOGY4OC0zNDM2M2JjN2M0YzAiOnsiY3JlYXRlIjo2MDAwMDAwMDAwMDAsImRlbGV0ZSI6OTAwMDAwMDAwMDAwfSwic2NoZW1hX3ZlcnNpb24iOiIxIn0=",
          "dependencies": [
            "aws_vpc.demo_vpc"
          ]
        }
      ]
    },
    {
      "mode": "managed",
      "type": "aws_security_group",
      "name": "sg_jumper",
      "provider": "provider[\"registry.terraform.io/hashicorp/aws\"]",
      "instances": [
        {
          "schema_version": 1,
          "attributes": {
            "arn": "arn:aws:ec2:eu-central-1:699444064213:security-group/sg-0fa5de4286e301d9a",
            "description": "Managed by Terraform",
            "egress": [
              {
                "cidr_blocks": [
                  "10.0.0.0/16"
                ],
                "description": "",
                "from_port": 0,
                "ipv6_cidr_blocks": [],
                "prefix_list_ids": [],
                "protocol": "-1",
                "security_groups": [],
                "self": false,
                "to_port": 0
              }
            ],
            "id": "sg-0fa5de4286e301d9a",
            "ingress": [
              {
                "cidr_blocks": [
                  "87.123.142.9/32"
                ],
                "description": "",
                "from_port": 3389,
                "ipv6_cidr_blocks": [],
                "prefix_list_ids": [],
                "protocol": "tcp",
                "security_groups": [],
                "self": false,
                "to_port": 3389
              }
            ],
            "name": "allow_rdp",
            "name_prefix": "",
            "owner_id": "699444064213",
            "revoke_rules_on_delete": false,
            "tags": {
              "Name": "allow_rdp"
            },
            "tags_all": {
              "Name": "allow_rdp"
            },
            "timeouts": null,
            "vpc_id": "vpc-0104eaf9db5c7421f"
          },
          "sensitive_attributes": [],
          "private": "eyJlMmJmYjczMC1lY2FhLTExZTYtOGY4OC0zNDM2M2JjN2M0YzAiOnsiY3JlYXRlIjo2MDAwMDAwMDAwMDAsImRlbGV0ZSI6OTAwMDAwMDAwMDAwfSwic2NoZW1hX3ZlcnNpb24iOiIxIn0=",
          "dependencies": [
            "aws_vpc.demo_vpc"
          ]
        }
      ]
    },
    {
      "mode": "managed",
      "type": "aws_subnet",
      "name": "private",
      "provider": "provider[\"registry.terraform.io/hashicorp/aws\"]",
      "instances": [
        {
          "schema_version": 1,
          "attributes": {
            "arn": "arn:aws:ec2:eu-central-1:699444064213:subnet/subnet-025ea6454fcd92e8b",
            "assign_ipv6_address_on_creation": false,
            "availability_zone": "eu-central-1a",
            "availability_zone_id": "euc1-az2",
            "cidr_block": "10.0.1.0/24",
            "customer_owned_ipv4_pool": "",
            "enable_dns64": false,
            "enable_lni_at_device_index": 0,
            "enable_resource_name_dns_a_record_on_launch": false,
            "enable_resource_name_dns_aaaa_record_on_launch": false,
            "id": "subnet-025ea6454fcd92e8b",
            "ipv6_cidr_block": "",
            "ipv6_cidr_block_association_id": "",
            "ipv6_native": false,
            "map_customer_owned_ip_on_launch": false,
            "map_public_ip_on_launch": false,
            "outpost_arn": "",
            "owner_id": "699444064213",
            "private_dns_hostname_type_on_launch": "ip-name",
            "tags": null,
            "tags_all": {},
            "timeouts": null,
            "vpc_id": "vpc-0104eaf9db5c7421f"
          },
          "sensitive_attributes": [],
          "private": "eyJlMmJmYjczMC1lY2FhLTExZTYtOGY4OC0zNDM2M2JjN2M0YzAiOnsiY3JlYXRlIjo2MDAwMDAwMDAwMDAsImRlbGV0ZSI6MTIwMDAwMDAwMDAwMH0sInNjaGVtYV92ZXJzaW9uIjoiMSJ9",
          "dependencies": [
            "aws_vpc.demo_vpc"
          ]
        }
      ]
    },
    {
      "mode": "managed",
      "type": "aws_subnet",
      "name": "public",
      "provider": "provider[\"registry.terraform.io/hashicorp/aws\"]",
      "instances": [
        {
          "schema_version": 1,
          "attributes": {
            "arn": "arn:aws:ec2:eu-central-1:699444064213:subnet/subnet-0fe7d1c976c055569",
            "assign_ipv6_address_on_creation": false,
            "availability_zone": "eu-central-1a",
            "availability_zone_id": "euc1-az2",
            "cidr_block": "10.0.2.0/24",
            "customer_owned_ipv4_pool": "",
            "enable_dns64": false,
            "enable_lni_at_device_index": 0,
            "enable_resource_name_dns_a_record_on_launch": false,
            "enable_resource_name_dns_aaaa_record_on_launch": false,
            "id": "subnet-0fe7d1c976c055569",
            "ipv6_cidr_block": "",
            "ipv6_cidr_block_association_id": "",
            "ipv6_native": false,
            "map_customer_owned_ip_on_launch": false,
            "map_public_ip_on_launch": false,
            "outpost_arn": "",
            "owner_id": "699444064213",
            "private_dns_hostname_type_on_launch": "ip-name",
            "tags": null,
            "tags_all": {},
            "timeouts": null,
            "vpc_id": "vpc-0104eaf9db5c7421f"
          },
          "sensitive_attributes": [],
          "private": "eyJlMmJmYjczMC1lY2FhLTExZTYtOGY4OC0zNDM2M2JjN2M0YzAiOnsiY3JlYXRlIjo2MDAwMDAwMDAwMDAsImRlbGV0ZSI6MTIwMDAwMDAwMDAwMH0sInNjaGVtYV92ZXJzaW9uIjoiMSJ9",
          "dependencies": [
            "aws_vpc.demo_vpc"
          ]
        }
      ]
    },
    {
      "mode": "managed",
      "type": "aws_vpc",
      "name": "demo_vpc",
      "provider": "provider[\"registry.terraform.io/hashicorp/aws\"]",
      "instances": [
        {
          "schema_version": 1,
          "attributes": {
            "arn": "arn:aws:ec2:eu-central-1:699444064213:vpc/vpc-0104eaf9db5c7421f",
            "assign_generated_ipv6_cidr_block": false,
            "cidr_block": "10.0.0.0/16",
            "default_network_acl_id": "acl-0216f326b008d699f",
            "default_route_table_id": "rtb-0c92e18a6d42f6dcf",
            "default_security_group_id": "sg-0070f89b774f18cad",
            "dhcp_options_id": "dopt-37b4a95c",
            "enable_classiclink": false,
            "enable_classiclink_dns_support": false,
            "enable_dns_hostnames": true,
            "enable_dns_support": true,
            "enable_network_address_usage_metrics": false,
            "id": "vpc-0104eaf9db5c7421f",
            "instance_tenancy": "default",
            "ipv4_ipam_pool_id": null,
            "ipv4_netmask_length": null,
            "ipv6_association_id": "",
            "ipv6_cidr_block": "",
            "ipv6_cidr_block_network_border_group": "",
            "ipv6_ipam_pool_id": "",
            "ipv6_netmask_length": 0,
            "main_route_table_id": "rtb-0c92e18a6d42f6dcf",
            "owner_id": "699444064213",
            "tags": null,
            "tags_all": {}
          },
          "sensitive_attributes": [],
          "private": "eyJzY2hlbWFfdmVyc2lvbiI6IjEifQ=="
        }
      ]
    },
    {
      "mode": "managed",
      "type": "aws_vpc_dhcp_options",
      "name": "dhcp_options",
      "provider": "provider[\"registry.terraform.io/hashicorp/aws\"]",
      "instances": [
        {
          "schema_version": 0,
          "attributes": {
            "arn": "arn:aws:ec2:eu-central-1:699444064213:dhcp-options/dopt-0cb9b1c46b56696a1",
            "domain_name": "sequafy.local",
            "domain_name_servers": [
              "10.0.1.20",
              "10.0.1.21"
            ],
            "id": "dopt-0cb9b1c46b56696a1",
            "netbios_name_servers": null,
            "netbios_node_type": "",
            "ntp_servers": [
              "10.0.1.20"
            ],
            "owner_id": "699444064213",
            "tags": null,
            "tags_all": {}
          },
          "sensitive_attributes": [],
          "private": "bnVsbA==",
          "dependencies": [
            "aws_instance.dc01",
            "aws_instance.dc02",
            "aws_key_pair.instance_key_pair",
            "aws_security_group.dc",
            "aws_security_group.rdp_public",
            "aws_subnet.private",
            "aws_vpc.demo_vpc",
            "time_sleep.dc02_delay",
            "tls_private_key.instance_key"
          ]
        }
      ]
    },
    {
      "mode": "managed",
      "type": "aws_vpc_dhcp_options_association",
      "name": "dhcp_options_asso",
      "provider": "provider[\"registry.terraform.io/hashicorp/aws\"]",
      "instances": [
        {
          "schema_version": 0,
          "attributes": {
            "dhcp_options_id": "dopt-0cb9b1c46b56696a1",
            "id": "dopt-0cb9b1c46b56696a1-vpc-0104eaf9db5c7421f",
            "vpc_id": "vpc-0104eaf9db5c7421f"
          },
          "sensitive_attributes": [],
          "private": "bnVsbA==",
          "dependencies": [
            "aws_instance.dc01",
            "aws_instance.dc02",
            "aws_key_pair.instance_key_pair",
            "aws_security_group.dc",
            "aws_security_group.rdp_public",
            "aws_subnet.private",
            "aws_vpc.demo_vpc",
            "aws_vpc_dhcp_options.dhcp_options",
            "time_sleep.dc02_delay",
            "tls_private_key.instance_key"
          ]
        }
      ]
    },
    {
      "mode": "managed",
      "type": "time_sleep",
      "name": "dc02_delay",
      "provider": "provider[\"registry.terraform.io/hashicorp/time\"]",
      "instances": [
        {
          "schema_version": 0,
          "attributes": {
            "create_duration": "120s",
            "destroy_duration": null,
            "id": "2023-05-11T08:33:44Z",
            "triggers": null
          },
          "sensitive_attributes": [],
          "dependencies": [
            "aws_instance.dc01",
            "aws_key_pair.instance_key_pair",
            "aws_security_group.dc",
            "aws_security_group.rdp_public",
            "aws_subnet.private",
            "aws_vpc.demo_vpc",
            "tls_private_key.instance_key"
          ]
        }
      ]
    },
    {
      "mode": "managed",
      "type": "time_sleep",
      "name": "demohost_delay",
      "provider": "provider[\"registry.terraform.io/hashicorp/time\"]",
      "instances": [
        {
          "schema_version": 0,
          "attributes": {
            "create_duration": "600s",
            "destroy_duration": null,
            "id": "2023-05-11T08:45:06Z",
            "triggers": null
          },
          "sensitive_attributes": [],
          "dependencies": [
            "aws_instance.dc01",
            "aws_instance.dc02",
            "aws_key_pair.instance_key_pair",
            "aws_security_group.dc",
            "aws_security_group.rdp_public",
            "aws_subnet.private",
            "aws_vpc.demo_vpc",
            "time_sleep.dc02_delay",
            "tls_private_key.instance_key"
          ]
        }
      ]
    },
    {
      "mode": "managed",
      "type": "tls_private_key",
      "name": "instance_key",
      "provider": "provider[\"registry.terraform.io/hashicorp/tls\"]",
      "instances": [
        {
          "schema_version": 1,
          "attributes": {
            "algorithm": "RSA",
            "ecdsa_curve": "P224",
            "id": "255ffc68ab084d577d5968e93a1f9256905b0db9",
            "private_key_openssh": "-----BEGIN OPENSSH PRIVATE KEY-----\nb3BlbnNzaC1rZXktdjEAAAAABG5vbmUAAAAEbm9uZQAAAAAAAAABAAABFwAAAAdz\nc2gtcnNhAAAAAwEAAQAAAQEA+nJwEaB736jrNJx7eRDNyUWtF5e56wfYVr8wPzDK\nUkxSboK14pLnuWLANWJE6Vea+0JhE5rgYSp1H3eOtCStZu1LWtIG/76rBNZC9r/k\n0oMduEp+xZWtGg+Er/2Q2RDpY+6Ve9qW+R1wrYpkef7Jxha5M8hGJuXRKkDSbmPZ\nISu9/d9eIYAhgyEOxtPpK7gJTtOkajScINojCEoAmdJDJqF2ou9OlrpTxEyVQjNW\nYhcsCJirUArtMyoZvKy/Dh/26WDFBT18vtO0Ss6htIbZRDx5cugvsOwf1nSDE+b0\nNia02Ek7rotIVOp0+pQ6+Z+8panEI5va2gbdCTdwxiPJ1QAAA7i0ZRaStGUWkgAA\nAAdzc2gtcnNhAAABAQD6cnARoHvfqOs0nHt5EM3JRa0Xl7nrB9hWvzA/MMpSTFJu\ngrXikue5YsA1YkTpV5r7QmETmuBhKnUfd460JK1m7Uta0gb/vqsE1kL2v+TSgx24\nSn7Fla0aD4Sv/ZDZEOlj7pV72pb5HXCtimR5/snGFrkzyEYm5dEqQNJuY9khK739\n314hgCGDIQ7G0+kruAlO06RqNJwg2iMISgCZ0kMmoXai706WulPETJVCM1ZiFywI\nmKtQCu0zKhm8rL8OH/bpYMUFPXy+07RKzqG0htlEPHly6C+w7B/WdIMT5vQ2JrTY\nSTuui0hU6nT6lDr5n7ylqcQjm9raBt0JN3DGI8nVAAAAAwEAAQAAAQEAlb12ZBOf\n/MnyVzJ4YJo7b+vI4iJFdtDp+HO3VRDG5w3a+1gLh7xt79mrMj/fE+TdNP0rLZ2c\nKnxIKthA6lRDmRanx1Vr+dz2Q54Xy5BQL81VJ6riwSAMr1g37UGeKSqDYMx1c+ft\n/GQtypTEHmzIFzfe46cKypb9yFWZe4cXe0yNL2L97cGBdL6+rxtoFLSCiep2zktH\ncvwGKN1Rjl+suwjukkntRDbl1qsiqBzm+GrQ6LDSmiqmWZ71SywK6s7RN5Kh6aMB\nXADDhDtHe4ANl2OS95ZTZmbL9pEhY0qQ5dGPdHdtY0Wk4rIt3QrZIzdKoNK+b5zL\nHzBvOlG6Fd6qAQAAAIBk8lB3aiRY+fMsQsHIAn7SAlnF35DsE7CeJTD2+AGm5Nom\nkHZ1JPZRrFbnySymsKRlZyeGKLstt3uC3m0IjI5sUNGpszC5ds0LzFcg2xp3Sn06\nCzhzGb5HMaI3K1ra0bRBPrf1Y1ZMJ5uLvoi4M8gk18AEjlJrpNmEt+4XqH4MgAAA\nAIEA/4wj4jEznr/mWrXCwT+0d6mHH5s8AoR9fjSG5RzcJQybTfVj42B2LozsFqwg\nqTMejaQgmEywMKxS5lNiVfCm46d+xSaEQTWFhGrCOyOo+GCy11k4ExJuyUOuwYH1\n761fJspGfG+8cVmV1CNirXGXnsexoIzTNH6nWYScE5MjT50AAACBAPrj/DUPjsoe\nERO6V/tj71jKUq51r87UQ5nRwNgXxBQZ4e2LM9LQ16317ulK6sBHNgXbT6alSw2d\nstSjgasiiAyhS7lwg6PdwPd/4u3kIT4VSZd4OqZqDV5Tcd5/Ju3ZJh9QwxMdcTrc\nPQATI2aNrHSuNxKI6YHmvnCHAUEiiHmZAAAAAAEC\n-----END OPENSSH PRIVATE KEY-----\n",
            "private_key_pem": "-----BEGIN RSA PRIVATE KEY-----\nMIIEpAIBAAKCAQEA+nJwEaB736jrNJx7eRDNyUWtF5e56wfYVr8wPzDKUkxSboK1\n4pLnuWLANWJE6Vea+0JhE5rgYSp1H3eOtCStZu1LWtIG/76rBNZC9r/k0oMduEp+\nxZWtGg+Er/2Q2RDpY+6Ve9qW+R1wrYpkef7Jxha5M8hGJuXRKkDSbmPZISu9/d9e\nIYAhgyEOxtPpK7gJTtOkajScINojCEoAmdJDJqF2ou9OlrpTxEyVQjNWYhcsCJir\nUArtMyoZvKy/Dh/26WDFBT18vtO0Ss6htIbZRDx5cugvsOwf1nSDE+b0Nia02Ek7\nrotIVOp0+pQ6+Z+8panEI5va2gbdCTdwxiPJ1QIDAQABAoIBAQCVvXZkE5/8yfJX\nMnhgmjtv68jiIkV20On4c7dVEMbnDdr7WAuHvG3v2asyP98T5N00/SstnZwqfEgq\n2EDqVEOZFqfHVWv53PZDnhfLkFAvzVUnquLBIAyvWDftQZ4pKoNgzHVz5+38ZC3K\nlMQebMgXN97jpwrKlv3IVZl7hxd7TI0vYv3twYF0vr6vG2gUtIKJ6nbOS0dy/AYo\n3VGOX6y7CO6SSe1ENuXWqyKoHOb4atDosNKaKqZZnvVLLArqztE3kqHpowFcAMOE\nO0d7gA2XY5L3llNmZsv2kSFjSpDl0Y90d21jRaTisi3dCtkjN0qg0r5vnMsfMG86\nUboV3qoBAoGBAP+MI+IxM56/5lq1wsE/tHephx+bPAKEfX40huUc3CUMm031Y+Ng\ndi6M7BasIKkzHo2kIJhMsDCsUuZTYlXwpuOnfsUmhEE1hYRqwjsjqPhgstdZOBMS\nbslDrsGB9e+tXybKRnxvvHFZldQjYq1xl57HsaCM0zR+p1mEnBOTI0+dAoGBAPrj\n/DUPjsoeERO6V/tj71jKUq51r87UQ5nRwNgXxBQZ4e2LM9LQ16317ulK6sBHNgXb\nT6alSw2dstSjgasiiAyhS7lwg6PdwPd/4u3kIT4VSZd4OqZqDV5Tcd5/Ju3ZJh9Q\nwxMdcTrcPQATI2aNrHSuNxKI6YHmvnCHAUEiiHmZAoGBAIrifTYXi3iBzw4Jrtkc\naFaImlmBIrIzk4idv5qRfsvb+CP8c9dFu7U8/aqszetnTvmn89cSBsfNQBjRxKX0\nbp9XjrxTXJmcHv6CjyFZFiI3W7tST/l9kRxtXnLo0OL8FLSeRoSmrYHlMFrlCGI/\nVCoFWfJp1ve2xfkO60xwMUa5AoGAfTHNBbFIwIT2YpDHHJQGuJjlX1csrpnvTc+E\nWpCpcJplygJ/jsBWD+G8IUAYGnCufYetnGu5IwdBWKhqqTonB55pShTiK6AZjaeM\nVsdS60b2HRaKtcYP+7TKCowKof+M7W2AmoZDnWqPKf1i2ebyWpsgsigN1ZuOBlrn\n/le8IGkCgYBk8lB3aiRY+fMsQsHIAn7SAlnF35DsE7CeJTD2+AGm5NomkHZ1JPZR\nrFbnySymsKRlZyeGKLstt3uC3m0IjI5sUNGpszC5ds0LzFcg2xp3Sn06CzhzGb5H\nMaI3K1ra0bRBPrf1Y1ZMJ5uLvoi4M8gk18AEjlJrpNmEt+4XqH4MgA==\n-----END RSA PRIVATE KEY-----\n",
            "private_key_pem_pkcs8": "-----BEGIN PRIVATE KEY-----\nMIIEvgIBADANBgkqhkiG9w0BAQEFAASCBKgwggSkAgEAAoIBAQD6cnARoHvfqOs0\nnHt5EM3JRa0Xl7nrB9hWvzA/MMpSTFJugrXikue5YsA1YkTpV5r7QmETmuBhKnUf\nd460JK1m7Uta0gb/vqsE1kL2v+TSgx24Sn7Fla0aD4Sv/ZDZEOlj7pV72pb5HXCt\nimR5/snGFrkzyEYm5dEqQNJuY9khK739314hgCGDIQ7G0+kruAlO06RqNJwg2iMI\nSgCZ0kMmoXai706WulPETJVCM1ZiFywImKtQCu0zKhm8rL8OH/bpYMUFPXy+07RK\nzqG0htlEPHly6C+w7B/WdIMT5vQ2JrTYSTuui0hU6nT6lDr5n7ylqcQjm9raBt0J\nN3DGI8nVAgMBAAECggEBAJW9dmQTn/zJ8lcyeGCaO2/ryOIiRXbQ6fhzt1UQxucN\n2vtYC4e8be/ZqzI/3xPk3TT9Ky2dnCp8SCrYQOpUQ5kWp8dVa/nc9kOeF8uQUC/N\nVSeq4sEgDK9YN+1Bnikqg2DMdXPn7fxkLcqUxB5syBc33uOnCsqW/chVmXuHF3tM\njS9i/e3BgXS+vq8baBS0gonqds5LR3L8BijdUY5frLsI7pJJ7UQ25darIqgc5vhq\n0Oiw0poqplme9UssCurO0TeSoemjAVwAw4Q7R3uADZdjkveWU2Zmy/aRIWNKkOXR\nj3R3bWNFpOKyLd0K2SM3SqDSvm+cyx8wbzpRuhXeqgECgYEA/4wj4jEznr/mWrXC\nwT+0d6mHH5s8AoR9fjSG5RzcJQybTfVj42B2LozsFqwgqTMejaQgmEywMKxS5lNi\nVfCm46d+xSaEQTWFhGrCOyOo+GCy11k4ExJuyUOuwYH1761fJspGfG+8cVmV1CNi\nrXGXnsexoIzTNH6nWYScE5MjT50CgYEA+uP8NQ+Oyh4RE7pX+2PvWMpSrnWvztRD\nmdHA2BfEFBnh7Ysz0tDXrfXu6UrqwEc2BdtPpqVLDZ2y1KOBqyKIDKFLuXCDo93A\n93/i7eQhPhVJl3g6pmoNXlNx3n8m7dkmH1DDEx1xOtw9ABMjZo2sdK43Eojpgea+\ncIcBQSKIeZkCgYEAiuJ9NheLeIHPDgmu2RxoVoiaWYEisjOTiJ2/mpF+y9v4I/xz\n10W7tTz9qqzN62dO+afz1xIGx81AGNHEpfRun1eOvFNcmZwe/oKPIVkWIjdbu1JP\n+X2RHG1ecujQ4vwUtJ5GhKatgeUwWuUIYj9UKgVZ8mnW97bF+Q7rTHAxRrkCgYB9\nMc0FsUjAhPZikMcclAa4mOVfVyyume9Nz4RakKlwmmXKAn+OwFYP4bwhQBgacK59\nh62ca7kjB0FYqGqpOicHnmlKFOIroBmNp4xWx1LrRvYdFoq1xg/7tMoKjAqh/4zt\nbYCahkOdao8p/WLZ5vJamyCyKA3Vm44GWuf+V7wgaQKBgGTyUHdqJFj58yxCwcgC\nftICWcXfkOwTsJ4lMPb4Aabk2iaQdnUk9lGsVufJLKawpGVnJ4Youy23e4LebQiM\njmxQ0amzMLl2zQvMVyDbGndKfToLOHMZvkcxojcrWtrRtEE+t/VjVkwnm4u+iLgz\nyCTXwASOUmuk2YS37heofgyA\n-----END PRIVATE KEY-----\n",
            "public_key_fingerprint_md5": "97:4d:8e:91:40:b0:15:f9:e8:98:ef:ea:2e:4e:48:7e",
            "public_key_fingerprint_sha256": "SHA256:S5hQIbgzHFd+W4npF+rFjW6zYG+9j7pPjLPcbT2DBTQ",
            "public_key_openssh": "ssh-rsa AAAAB3NzaC1yc2EAAAADAQABAAABAQD6cnARoHvfqOs0nHt5EM3JRa0Xl7nrB9hWvzA/MMpSTFJugrXikue5YsA1YkTpV5r7QmETmuBhKnUfd460JK1m7Uta0gb/vqsE1kL2v+TSgx24Sn7Fla0aD4Sv/ZDZEOlj7pV72pb5HXCtimR5/snGFrkzyEYm5dEqQNJuY9khK739314hgCGDIQ7G0+kruAlO06RqNJwg2iMISgCZ0kMmoXai706WulPETJVCM1ZiFywImKtQCu0zKhm8rL8OH/bpYMUFPXy+07RKzqG0htlEPHly6C+w7B/WdIMT5vQ2JrTYSTuui0hU6nT6lDr5n7ylqcQjm9raBt0JN3DGI8nV\n",
            "public_key_pem": "-----BEGIN PUBLIC KEY-----\nMIIBIjANBgkqhkiG9w0BAQEFAAOCAQ8AMIIBCgKCAQEA+nJwEaB736jrNJx7eRDN\nyUWtF5e56wfYVr8wPzDKUkxSboK14pLnuWLANWJE6Vea+0JhE5rgYSp1H3eOtCSt\nZu1LWtIG/76rBNZC9r/k0oMduEp+xZWtGg+Er/2Q2RDpY+6Ve9qW+R1wrYpkef7J\nxha5M8hGJuXRKkDSbmPZISu9/d9eIYAhgyEOxtPpK7gJTtOkajScINojCEoAmdJD\nJqF2ou9OlrpTxEyVQjNWYhcsCJirUArtMyoZvKy/Dh/26WDFBT18vtO0Ss6htIbZ\nRDx5cugvsOwf1nSDE+b0Nia02Ek7rotIVOp0+pQ6+Z+8panEI5va2gbdCTdwxiPJ\n1QIDAQAB\n-----END PUBLIC KEY-----\n",
            "rsa_bits": 2048
          },
          "sensitive_attributes": []
        }
      ]
    }
  ],
  "check_results": null
}
